
Microsoft Visual Studio Solution File, Format Version 12.00
# Visual Studio Version 17
VisualStudioVersion = 17.4.33122.133
MinimumVisualStudioVersion = 10.0.40219.1
Project("{FAE04EC0-301F-11D3-BF4B-00C04F79EFBC}") = "ChatAppClient", "ChatAppClient\ChatAppClient.csproj", "{9B518D04-5AB7-4AF3-B8C8-5F0FFB5865C7}"
EndProject
Global
	GlobalSection(SolutionConfigurationPlatforms) = preSolution
		Debug|Any CPU = Debug|Any CPU
		Release|Any CPU = Release|Any CPU
	EndGlobalSection
	GlobalSection(ProjectConfigurationPlatforms) = postSolution
		{9B518D04-5AB7-4AF3-B8C8-5F0FFB5865C7}.Debug|Any CPU.ActiveCfg = Debug|Any CPU
		{9B518D04-5AB7-4AF3-B8C8-5F0FFB5865C7}.Debug|Any CPU.Build.0 = Debug|Any CPU
		{9B518D04-5AB7-4AF3-B8C8-5F0FFB5865C7}.Release|Any CPU.ActiveCfg = Release|Any CPU
		{9B518D04-5AB7-4AF3-B8C8-5F0FFB5865C7}.Release|Any CPU.Build.0 = Release|Any CPU
	EndGlobalSection
	GlobalSection(SolutionProperties) = preSolution
		HideSolutionNode = FALSE
	EndGlobalSection
	GlobalSection(ExtensibilityGlobals) = postSolution
		SolutionGuid = {25FB46F3-A14C-4B6E-ACE5-E57977ADEE5F}
	EndGlobalSection
EndGlobal
